
Microsoft Visual Studio Solution File, Format Version 12.00
# Visual Studio Version 17
VisualStudioVersion = 17.5.33516.290
MinimumVisualStudioVersion = 10.0.40219.1
Project("{9A19103F-16F7-4668-BE54-9A1E7A4F7556}") = "VotingApp.Domain", "src\VotingApp.Domain\VotingApp.Domain.csproj", "{B9A88399-5A15-45EF-AF23-BE5DAEFE4C3D}"
EndProject
Project("{2150E333-8FDC-42A3-9474-1A3956D46DE8}") = "Tests", "Tests", "{6B3AD011-38C7-4E16-9B44-72FE188B2CE6}"
EndProject
Project("{9A19103F-16F7-4668-BE54-9A1E7A4F7556}") = "VotingApp.Domain.Tests", "tests\VotingApp.Domain.Tests\VotingApp.Domain.Tests.csproj", "{6CD41FE5-4E1F-4F92-8F8E-61CE0EBB39FD}"
EndProject
Project("{9A19103F-16F7-4668-BE54-9A1E7A4F7556}") = "VotingApp.Persistence", "src\VotingApp.Persistence\VotingApp.Persistence.csproj", "{16CCAFA1-E5AA-41A5-A331-390AE8FCE0CB}"
EndProject
Project("{9A19103F-16F7-4668-BE54-9A1E7A4F7556}") = "VotingApp.Infrastructure.InMemoryDatabase", "src\VotingApp.Infrastructure.InMemoryDatabase\VotingApp.Infrastructure.InMemoryDatabase.csproj", "{097D24B8-CCF1-494B-9570-CD905108E085}"
EndProject
Project("{9A19103F-16F7-4668-BE54-9A1E7A4F7556}") = "VotingApp.Domain.Abstractions", "src\VotingApp.Domain.Abstractions\VotingApp.Domain.Abstractions.csproj", "{8DF828D3-7952-4A8F-9633-75FE7C1FF4C3}"
EndProject
Project("{9A19103F-16F7-4668-BE54-9A1E7A4F7556}") = "VotingApp.TestHost", "tests\VotingApp.TestHost\VotingApp.TestHost.csproj", "{79DAA78D-7B58-4948-9BB9-12649DDE6806}"
EndProject
Project("{FAE04EC0-301F-11D3-BF4B-00C04F79EFBC}") = "VotingApp.Api", "src\VotingApp.Api\VotingApp.Api.csproj", "{E9394125-DACC-41AB-8BF5-C1E405788271}"
EndProject
Project("{FAE04EC0-301F-11D3-BF4B-00C04F79EFBC}") = "VotingApp.Contract", "src\VotingApp.Contract\VotingApp.Contract.csproj", "{38E8EBE2-F00C-4120-B78E-1A510F8C1C41}"
EndProject
Global
	GlobalSection(SolutionConfigurationPlatforms) = preSolution
		Debug|Any CPU = Debug|Any CPU
		Release|Any CPU = Release|Any CPU
	EndGlobalSection
	GlobalSection(ProjectConfigurationPlatforms) = postSolution
		{B9A88399-5A15-45EF-AF23-BE5DAEFE4C3D}.Debug|Any CPU.ActiveCfg = Debug|Any CPU
		{B9A88399-5A15-45EF-AF23-BE5DAEFE4C3D}.Debug|Any CPU.Build.0 = Debug|Any CPU
		{B9A88399-5A15-45EF-AF23-BE5DAEFE4C3D}.Release|Any CPU.ActiveCfg = Release|Any CPU
		{B9A88399-5A15-45EF-AF23-BE5DAEFE4C3D}.Release|Any CPU.Build.0 = Release|Any CPU
		{6CD41FE5-4E1F-4F92-8F8E-61CE0EBB39FD}.Debug|Any CPU.ActiveCfg = Debug|Any CPU
		{6CD41FE5-4E1F-4F92-8F8E-61CE0EBB39FD}.Debug|Any CPU.Build.0 = Debug|Any CPU
		{6CD41FE5-4E1F-4F92-8F8E-61CE0EBB39FD}.Release|Any CPU.ActiveCfg = Release|Any CPU
		{6CD41FE5-4E1F-4F92-8F8E-61CE0EBB39FD}.Release|Any CPU.Build.0 = Release|Any CPU
		{16CCAFA1-E5AA-41A5-A331-390AE8FCE0CB}.Debug|Any CPU.ActiveCfg = Debug|Any CPU
		{16CCAFA1-E5AA-41A5-A331-390AE8FCE0CB}.Debug|Any CPU.Build.0 = Debug|Any CPU
		{16CCAFA1-E5AA-41A5-A331-390AE8FCE0CB}.Release|Any CPU.ActiveCfg = Release|Any CPU
		{16CCAFA1-E5AA-41A5-A331-390AE8FCE0CB}.Release|Any CPU.Build.0 = Release|Any CPU
		{097D24B8-CCF1-494B-9570-CD905108E085}.Debug|Any CPU.ActiveCfg = Debug|Any CPU
		{097D24B8-CCF1-494B-9570-CD905108E085}.Debug|Any CPU.Build.0 = Debug|Any CPU
		{097D24B8-CCF1-494B-9570-CD905108E085}.Release|Any CPU.ActiveCfg = Release|Any CPU
		{097D24B8-CCF1-494B-9570-CD905108E085}.Release|Any CPU.Build.0 = Release|Any CPU
		{8DF828D3-7952-4A8F-9633-75FE7C1FF4C3}.Debug|Any CPU.ActiveCfg = Debug|Any CPU
		{8DF828D3-7952-4A8F-9633-75FE7C1FF4C3}.Debug|Any CPU.Build.0 = Debug|Any CPU
		{8DF828D3-7952-4A8F-9633-75FE7C1FF4C3}.Release|Any CPU.ActiveCfg = Release|Any CPU
		{8DF828D3-7952-4A8F-9633-75FE7C1FF4C3}.Release|Any CPU.Build.0 = Release|Any CPU
		{79DAA78D-7B58-4948-9BB9-12649DDE6806}.Debug|Any CPU.ActiveCfg = Debug|Any CPU
		{79DAA78D-7B58-4948-9BB9-12649DDE6806}.Debug|Any CPU.Build.0 = Debug|Any CPU
		{79DAA78D-7B58-4948-9BB9-12649DDE6806}.Release|Any CPU.ActiveCfg = Release|Any CPU
		{79DAA78D-7B58-4948-9BB9-12649DDE6806}.Release|Any CPU.Build.0 = Release|Any CPU
		{E9394125-DACC-41AB-8BF5-C1E405788271}.Debug|Any CPU.ActiveCfg = Debug|Any CPU
		{E9394125-DACC-41AB-8BF5-C1E405788271}.Debug|Any CPU.Build.0 = Debug|Any CPU
		{E9394125-DACC-41AB-8BF5-C1E405788271}.Release|Any CPU.ActiveCfg = Release|Any CPU
		{E9394125-DACC-41AB-8BF5-C1E405788271}.Release|Any CPU.Build.0 = Release|Any CPU
		{38E8EBE2-F00C-4120-B78E-1A510F8C1C41}.Debug|Any CPU.ActiveCfg = Debug|Any CPU
		{38E8EBE2-F00C-4120-B78E-1A510F8C1C41}.Debug|Any CPU.Build.0 = Debug|Any CPU
		{38E8EBE2-F00C-4120-B78E-1A510F8C1C41}.Release|Any CPU.ActiveCfg = Release|Any CPU
		{38E8EBE2-F00C-4120-B78E-1A510F8C1C41}.Release|Any CPU.Build.0 = Release|Any CPU
	EndGlobalSection
	GlobalSection(SolutionProperties) = preSolution
		HideSolutionNode = FALSE
	EndGlobalSection
	GlobalSection(NestedProjects) = preSolution
		{6CD41FE5-4E1F-4F92-8F8E-61CE0EBB39FD} = {6B3AD011-38C7-4E16-9B44-72FE188B2CE6}
		{79DAA78D-7B58-4948-9BB9-12649DDE6806} = {6B3AD011-38C7-4E16-9B44-72FE188B2CE6}
	EndGlobalSection
	GlobalSection(ExtensibilityGlobals) = postSolution
		SolutionGuid = {5D5B41C0-10E3-4A06-87FC-CECC887FF080}
	EndGlobalSection
EndGlobal
